
Microsoft Visual Studio Solution File, Format Version 12.00
# Visual Studio 15
VisualStudioVersion = 15.0.27004.2005
MinimumVisualStudioVersion = 10.0.40219.1
Project("{9A19103F-16F7-4668-BE54-9A1E7A4F7556}") = "MementoFX.Messaging.Postie.ServiceProvider", "src\Memento.Messaging.Postie.ServiceProvider\MementoFX.Messaging.Postie.ServiceProvider.csproj", "{41DA636B-4B55-4B42-8B36-06FCAB87C0AA}"
EndProject
Project("{9A19103F-16F7-4668-BE54-9A1E7A4F7556}") = "MementoFX.Messaging.Postie.ServiceProvider.Tests", "src\Memento.Messaging.Postie.ServiceProvider.Tests\MementoFX.Messaging.Postie.ServiceProvider.Tests.csproj", "{E5976106-F73A-4ED0-97AC-9D4925FD8040}"
EndProject
Global
	GlobalSection(SolutionConfigurationPlatforms) = preSolution
		Debug|Any CPU = Debug|Any CPU
		Release|Any CPU = Release|Any CPU
	EndGlobalSection
	GlobalSection(ProjectConfigurationPlatforms) = postSolution
		{41DA636B-4B55-4B42-8B36-06FCAB87C0AA}.Debug|Any CPU.ActiveCfg = Debug|Any CPU
		{41DA636B-4B55-4B42-8B36-06FCAB87C0AA}.Debug|Any CPU.Build.0 = Debug|Any CPU
		{41DA636B-4B55-4B42-8B36-06FCAB87C0AA}.Release|Any CPU.ActiveCfg = Release|Any CPU
		{41DA636B-4B55-4B42-8B36-06FCAB87C0AA}.Release|Any CPU.Build.0 = Release|Any CPU
		{E5976106-F73A-4ED0-97AC-9D4925FD8040}.Debug|Any CPU.ActiveCfg = Debug|Any CPU
		{E5976106-F73A-4ED0-97AC-9D4925FD8040}.Debug|Any CPU.Build.0 = Debug|Any CPU
		{E5976106-F73A-4ED0-97AC-9D4925FD8040}.Release|Any CPU.ActiveCfg = Release|Any CPU
		{E5976106-F73A-4ED0-97AC-9D4925FD8040}.Release|Any CPU.Build.0 = Release|Any CPU
	EndGlobalSection
	GlobalSection(SolutionProperties) = preSolution
		HideSolutionNode = FALSE
	EndGlobalSection
	GlobalSection(ExtensibilityGlobals) = postSolution
		SolutionGuid = {01E68188-F50D-4F22-8FC4-C0DF249B7C3A}
	EndGlobalSection
EndGlobal
